
Microsoft Visual Studio Solution File, Format Version 12.00
# Visual Studio 15
VisualStudioVersion = 15.0.26730.16
MinimumVisualStudioVersion = 10.0.40219.1
Project("{9A19103F-16F7-4668-BE54-9A1E7A4F7556}") = "DeltaX", "DeltaX\DeltaX.csproj", "{58BEF260-CA38-496D-957B-8B34422AFDC0}"
EndProject
Project("{FAE04EC0-301F-11D3-BF4B-00C04F79EFBC}") = "DeltaX.Core", "DeltaX.Core\DeltaX.Core.csproj", "{B18BC1B2-9506-483B-857E-8808E730813D}"
EndProject
Global
	GlobalSection(SolutionConfigurationPlatforms) = preSolution
		Debug|Any CPU = Debug|Any CPU
		Release|Any CPU = Release|Any CPU
	EndGlobalSection
	GlobalSection(ProjectConfigurationPlatforms) = postSolution
		{58BEF260-CA38-496D-957B-8B34422AFDC0}.Debug|Any CPU.ActiveCfg = Debug|Any CPU
		{58BEF260-CA38-496D-957B-8B34422AFDC0}.Debug|Any CPU.Build.0 = Debug|Any CPU
		{58BEF260-CA38-496D-957B-8B34422AFDC0}.Release|Any CPU.ActiveCfg = Release|Any CPU
		{58BEF260-CA38-496D-957B-8B34422AFDC0}.Release|Any CPU.Build.0 = Release|Any CPU
		{B18BC1B2-9506-483B-857E-8808E730813D}.Debug|Any CPU.ActiveCfg = Debug|Any CPU
		{B18BC1B2-9506-483B-857E-8808E730813D}.Debug|Any CPU.Build.0 = Debug|Any CPU
		{B18BC1B2-9506-483B-857E-8808E730813D}.Release|Any CPU.ActiveCfg = Release|Any CPU
		{B18BC1B2-9506-483B-857E-8808E730813D}.Release|Any CPU.Build.0 = Release|Any CPU
	EndGlobalSection
	GlobalSection(SolutionProperties) = preSolution
		HideSolutionNode = FALSE
	EndGlobalSection
	GlobalSection(ExtensibilityGlobals) = postSolution
		SolutionGuid = {19DB0D52-3C65-45B7-9A9E-C410F99372B8}
	EndGlobalSection
EndGlobal
